
Microsoft Visual Studio Solution File, Format Version 12.00
# Visual Studio Version 17
VisualStudioVersion = 17.9.34723.18
MinimumVisualStudioVersion = 10.0.40219.1
Project("{FAE04EC0-301F-11D3-BF4B-00C04F79EFBC}") = "WpfApp_Wordpad", "WpfApp_Wordpad\WpfApp_Wordpad.csproj", "{5C3A64DE-551F-4906-8E89-1F99FC328ABB}"
EndProject
Global
	GlobalSection(SolutionConfigurationPlatforms) = preSolution
		Debug|Any CPU = Debug|Any CPU
		Release|Any CPU = Release|Any CPU
	EndGlobalSection
	GlobalSection(ProjectConfigurationPlatforms) = postSolution
		{5C3A64DE-551F-4906-8E89-1F99FC328ABB}.Debug|Any CPU.ActiveCfg = Debug|Any CPU
		{5C3A64DE-551F-4906-8E89-1F99FC328ABB}.Debug|Any CPU.Build.0 = Debug|Any CPU
		{5C3A64DE-551F-4906-8E89-1F99FC328ABB}.Release|Any CPU.ActiveCfg = Release|Any CPU
		{5C3A64DE-551F-4906-8E89-1F99FC328ABB}.Release|Any CPU.Build.0 = Release|Any CPU
	EndGlobalSection
	GlobalSection(SolutionProperties) = preSolution
		HideSolutionNode = FALSE
	EndGlobalSection
	GlobalSection(ExtensibilityGlobals) = postSolution
		SolutionGuid = {D37BD3A9-0696-4DEA-A6F5-B693E12955A0}
	EndGlobalSection
EndGlobal
